// !$*UTF8*$!
{
	archiveVersion = 1;
	classes = {
	};
	objectVersion = 46;
	objects = {

/* Begin PBXBuildFile section */
		3A29347B1DA1B190007775B2 /* main.m in Sources */ = {isa = PBXBuildFile; fileRef = 3A29347A1DA1B190007775B2 /* main.m */; };
		3A29347E1DA1B190007775B2 /* AppDelegate.m in Sources */ = {isa = PBXBuildFile; fileRef = 3A29347D1DA1B190007775B2 /* AppDelegate.m */; };
		3A2934811DA1B190007775B2 /* ViewController.m in Sources */ = {isa = PBXBuildFile; fileRef = 3A2934801DA1B190007775B2 /* ViewController.m */; };
		3A2934841DA1B190007775B2 /* Main.storyboard in Resources */ = {isa = PBXBuildFile; fileRef = 3A2934821DA1B190007775B2 /* Main.storyboard */; };
		3A2934861DA1B190007775B2 /* Assets.xcassets in Resources */ = {isa = PBXBuildFile; fileRef = 3A2934851DA1B190007775B2 /* Assets.xcassets */; };
		3A2934891DA1B190007775B2 /* LaunchScreen.storyboard in Resources */ = {isa = PBXBuildFile; fileRef = 3A2934871DA1B190007775B2 /* LaunchScreen.storyboard */; };
		3A2934941DA1B190007775B2 /* UrfiEyeTests.m in Sources */ = {isa = PBXBuildFile; fileRef = 3A2934931DA1B190007775B2 /* UrfiEyeTests.m */; };
		3A29349F1DA1B190007775B2 /* UrfiEyeUITests.m in Sources */ = {isa = PBXBuildFile; fileRef = 3A29349E1DA1B190007775B2 /* UrfiEyeUITests.m */; };
		3A2934B61DA1B98A007775B2 /* AuthenticateUserViewController.m in Sources */ = {isa = PBXBuildFile; fileRef = 3A2934B51DA1B98A007775B2 /* AuthenticateUserViewController.m */; };
		3A2934BA1DA1BFE4007775B2 /* AuthenticateUserViewController.xib in Resources */ = {isa = PBXBuildFile; fileRef = 3A2934B91DA1BFE4007775B2 /* AuthenticateUserViewController.xib */; };
		3A2934BF1DA1C4A1007775B2 /* SignUpViewController.m in Sources */ = {isa = PBXBuildFile; fileRef = 3A2934BD1DA1C4A1007775B2 /* SignUpViewController.m */; };
		3A2934C01DA1C4A1007775B2 /* SignUpViewController.xib in Resources */ = {isa = PBXBuildFile; fileRef = 3A2934BE1DA1C4A1007775B2 /* SignUpViewController.xib */; };
/* End PBXBuildFile section */

/* Begin PBXContainerItemProxy section */
		3A2934901DA1B190007775B2 /* PBXContainerItemProxy */ = {
			isa = PBXContainerItemProxy;
			containerPortal = 3A29346E1DA1B190007775B2 /* Project object */;
			proxyType = 1;
			remoteGlobalIDString = 3A2934751DA1B190007775B2;
			remoteInfo = UrfiEye;
		};
		3A29349B1DA1B190007775B2 /* PBXContainerItemProxy */ = {
			isa = PBXContainerItemProxy;
			containerPortal = 3A29346E1DA1B190007775B2 /* Project object */;
			proxyType = 1;
			remoteGlobalIDString = 3A2934751DA1B190007775B2;
			remoteInfo = UrfiEye;
		};
/* End PBXContainerItemProxy section */

/* Begin PBXFileReference section */
		3A2934761DA1B190007775B2 /* UrfiEye.app */ = {isa = PBXFileReference; explicitFileType = wrapper.application; includeInIndex = 0; path = UrfiEye.app; sourceTree = BUILT_PRODUCTS_DIR; };
		3A29347A1DA1B190007775B2 /* main.m */ = {isa = PBXFileReference; lastKnownFileType = sourcecode.c.objc; path = main.m; sourceTree = "<group>"; };
		3A29347C1DA1B190007775B2 /* AppDelegate.h */ = {isa = PBXFileReference; lastKnownFileType = sourcecode.c.h; path = AppDelegate.h; sourceTree = "<group>"; };
		3A29347D1DA1B190007775B2 /* AppDelegate.m */ = {isa = PBXFileReference; lastKnownFileType = sourcecode.c.objc; path = AppDelegate.m; sourceTree = "<group>"; };
		3A29347F1DA1B190007775B2 /* ViewController.h */ = {isa = PBXFileReference; lastKnownFileType = sourcecode.c.h; path = ViewController.h; sourceTree = "<group>"; };
		3A2934801DA1B190007775B2 /* ViewController.m */ = {isa = PBXFileReference; lastKnownFileType = sourcecode.c.objc; path = ViewController.m; sourceTree = "<group>"; };
		3A2934831DA1B190007775B2 /* Base */ = {isa = PBXFileReference; lastKnownFileType = file.storyboard; name = Base; path = Base.lproj/Main.storyboard; sourceTree = "<group>"; };
		3A2934851DA1B190007775B2 /* Assets.xcassets */ = {isa = PBXFileReference; lastKnownFileType = folder.assetcatalog; path = Assets.xcassets; sourceTree = "<group>"; };
		3A2934881DA1B190007775B2 /* Base */ = {isa = PBXFileReference; lastKnownFileType = file.storyboard; name = Base; path = Base.lproj/LaunchScreen.storyboard; sourceTree = "<group>"; };
		3A29348A1DA1B190007775B2 /* Info.plist */ = {isa = PBXFileReference; lastKnownFileType = text.plist.xml; path = Info.plist; sourceTree = "<group>"; };
		3A29348F1DA1B190007775B2 /* UrfiEyeTests.xctest */ = {isa = PBXFileReference; explicitFileType = wrapper.cfbundle; includeInIndex = 0; path = UrfiEyeTests.xctest; sourceTree = BUILT_PRODUCTS_DIR; };
		3A2934931DA1B190007775B2 /* UrfiEyeTests.m */ = {isa = PBXFileReference; lastKnownFileType = sourcecode.c.objc; path = UrfiEyeTests.m; sourceTree = "<group>"; };
		3A2934951DA1B190007775B2 /* Info.plist */ = {isa = PBXFileReference; lastKnownFileType = text.plist.xml; path = Info.plist; sourceTree = "<group>"; };
		3A29349A1DA1B190007775B2 /* UrfiEyeUITests.xctest */ = {isa = PBXFileReference; explicitFileType = wrapper.cfbundle; includeInIndex = 0; path = UrfiEyeUITests.xctest; sourceTree = BUILT_PRODUCTS_DIR; };
		3A29349E1DA1B190007775B2 /* UrfiEyeUITests.m */ = {isa = PBXFileReference; lastKnownFileType = sourcecode.c.objc; path = UrfiEyeUITests.m; sourceTree = "<group>"; };
		3A2934A01DA1B190007775B2 /* Info.plist */ = {isa = PBXFileReference; lastKnownFileType = text.plist.xml; path = Info.plist; sourceTree = "<group>"; };
		3A2934B41DA1B98A007775B2 /* AuthenticateUserViewController.h */ = {isa = PBXFileReference; fileEncoding = 4; lastKnownFileType = sourcecode.c.h; path = AuthenticateUserViewController.h; sourceTree = "<group>"; };
		3A2934B51DA1B98A007775B2 /* AuthenticateUserViewController.m */ = {isa = PBXFileReference; fileEncoding = 4; lastKnownFileType = sourcecode.c.objc; path = AuthenticateUserViewController.m; sourceTree = "<group>"; };
		3A2934B91DA1BFE4007775B2 /* AuthenticateUserViewController.xib */ = {isa = PBXFileReference; fileEncoding = 4; lastKnownFileType = file.xib; path = AuthenticateUserViewController.xib; sourceTree = "<group>"; };
		3A2934BC1DA1C4A1007775B2 /* SignUpViewController.h */ = {isa = PBXFileReference; fileEncoding = 4; lastKnownFileType = sourcecode.c.h; path = SignUpViewController.h; sourceTree = "<group>"; };
		3A2934BD1DA1C4A1007775B2 /* SignUpViewController.m */ = {isa = PBXFileReference; fileEncoding = 4; lastKnownFileType = sourcecode.c.objc; path = SignUpViewController.m; sourceTree = "<group>"; };
		3A2934BE1DA1C4A1007775B2 /* SignUpViewController.xib */ = {isa = PBXFileReference; fileEncoding = 4; lastKnownFileType = file.xib; path = SignUpViewController.xib; sourceTree = "<group>"; };
/* End PBXFileReference section */

/* Begin PBXFrameworksBuildPhase section */
		3A2934731DA1B190007775B2 /* Frameworks */ = {
			isa = PBXFrameworksBuildPhase;
			buildActionMask = 2147483647;
			files = (
			);
			runOnlyForDeploymentPostprocessing = 0;
		};
		3A29348C1DA1B190007775B2 /* Frameworks */ = {
			isa = PBXFrameworksBuildPhase;
			buildActionMask = 2147483647;
			files = (
			);
			runOnlyForDeploymentPostprocessing = 0;
		};
		3A2934971DA1B190007775B2 /* Frameworks */ = {
			isa = PBXFrameworksBuildPhase;
			buildActionMask = 2147483647;
			files = (
			);
			runOnlyForDeploymentPostprocessing = 0;
		};
/* End PBXFrameworksBuildPhase section */

/* Begin PBXGroup section */
		3A29346D1DA1B190007775B2 = {
			isa = PBXGroup;
			children = (
				3A2934781DA1B190007775B2 /* UrfiEye */,
				3A2934921DA1B190007775B2 /* UrfiEyeTests */,
				3A29349D1DA1B190007775B2 /* UrfiEyeUITests */,
				3A2934771DA1B190007775B2 /* Products */,
			);
			sourceTree = "<group>";
		};
		3A2934771DA1B190007775B2 /* Products */ = {
			isa = PBXGroup;
			children = (
				3A2934761DA1B190007775B2 /* UrfiEye.app */,
				3A29348F1DA1B190007775B2 /* UrfiEyeTests.xctest */,
				3A29349A1DA1B190007775B2 /* UrfiEyeUITests.xctest */,
			);
			name = Products;
			sourceTree = "<group>";
		};
		3A2934781DA1B190007775B2 /* UrfiEye */ = {
			isa = PBXGroup;
			children = (
				3A29347C1DA1B190007775B2 /* AppDelegate.h */,
				3A29347D1DA1B190007775B2 /* AppDelegate.m */,
				3A29347F1DA1B190007775B2 /* ViewController.h */,
				3A2934801DA1B190007775B2 /* ViewController.m */,
				3A2934C11DA1C4A8007775B2 /* Sign Up */,
				3A2934821DA1B190007775B2 /* Main.storyboard */,
				3A2934BB1DA1BFEC007775B2 /* AuthenticateUser */,
				3A2934851DA1B190007775B2 /* Assets.xcassets */,
				3A2934871DA1B190007775B2 /* LaunchScreen.storyboard */,
				3A29348A1DA1B190007775B2 /* Info.plist */,
				3A2934791DA1B190007775B2 /* Supporting Files */,
			);
			path = UrfiEye;
			sourceTree = "<group>";
		};
		3A2934791DA1B190007775B2 /* Supporting Files */ = {
			isa = PBXGroup;
			children = (
				3A29347A1DA1B190007775B2 /* main.m */,
			);
			name = "Supporting Files";
			sourceTree = "<group>";
		};
		3A2934921DA1B190007775B2 /* UrfiEyeTests */ = {
			isa = PBXGroup;
			children = (
				3A2934931DA1B190007775B2 /* UrfiEyeTests.m */,
				3A2934951DA1B190007775B2 /* Info.plist */,
			);
			path = UrfiEyeTests;
			sourceTree = "<group>";
		};
		3A29349D1DA1B190007775B2 /* UrfiEyeUITests */ = {
			isa = PBXGroup;
			children = (
				3A29349E1DA1B190007775B2 /* UrfiEyeUITests.m */,
				3A2934A01DA1B190007775B2 /* Info.plist */,
			);
			path = UrfiEyeUITests;
			sourceTree = "<group>";
		};
		3A2934BB1DA1BFEC007775B2 /* AuthenticateUser */ = {
			isa = PBXGroup;
			children = (
				3A2934B91DA1BFE4007775B2 /* AuthenticateUserViewController.xib */,
				3A2934B41DA1B98A007775B2 /* AuthenticateUserViewController.h */,
				3A2934B51DA1B98A007775B2 /* AuthenticateUserViewController.m */,
			);
			name = AuthenticateUser;
			sourceTree = "<group>";
		};
		3A2934C11DA1C4A8007775B2 /* Sign Up */ = {
			isa = PBXGroup;
			children = (
				3A2934BC1DA1C4A1007775B2 /* SignUpViewController.h */,
				3A2934BD1DA1C4A1007775B2 /* SignUpViewController.m */,
				3A2934BE1DA1C4A1007775B2 /* SignUpViewController.xib */,
			);
			name = "Sign Up";
			sourceTree = "<group>";
		};
/* End PBXGroup section */

/* Begin PBXNativeTarget section */
		3A2934751DA1B190007775B2 /* UrfiEye */ = {
			isa = PBXNativeTarget;
			buildConfigurationList = 3A2934A31DA1B190007775B2 /* Build configuration list for PBXNativeTarget "UrfiEye" */;
			buildPhases = (
				3A2934721DA1B190007775B2 /* Sources */,
				3A2934731DA1B190007775B2 /* Frameworks */,
				3A2934741DA1B190007775B2 /* Resources */,
			);
			buildRules = (
			);
			dependencies = (
			);
			name = UrfiEye;
			productName = UrfiEye;
			productReference = 3A2934761DA1B190007775B2 /* UrfiEye.app */;
			productType = "com.apple.product-type.application";
		};
		3A29348E1DA1B190007775B2 /* UrfiEyeTests */ = {
			isa = PBXNativeTarget;
			buildConfigurationList = 3A2934A61DA1B190007775B2 /* Build configuration list for PBXNativeTarget "UrfiEyeTests" */;
			buildPhases = (
				3A29348B1DA1B190007775B2 /* Sources */,
				3A29348C1DA1B190007775B2 /* Frameworks */,
				3A29348D1DA1B190007775B2 /* Resources */,
			);
			buildRules = (
			);
			dependencies = (
				3A2934911DA1B190007775B2 /* PBXTargetDependency */,
			);
			name = UrfiEyeTests;
			productName = UrfiEyeTests;
			productReference = 3A29348F1DA1B190007775B2 /* UrfiEyeTests.xctest */;
			productType = "com.apple.product-type.bundle.unit-test";
		};
		3A2934991DA1B190007775B2 /* UrfiEyeUITests */ = {
			isa = PBXNativeTarget;
			buildConfigurationList = 3A2934A91DA1B190007775B2 /* Build configuration list for PBXNativeTarget "UrfiEyeUITests" */;
			buildPhases = (
				3A2934961DA1B190007775B2 /* Sources */,
				3A2934971DA1B190007775B2 /* Frameworks */,
				3A2934981DA1B190007775B2 /* Resources */,
			);
			buildRules = (
			);
			dependencies = (
				3A29349C1DA1B190007775B2 /* PBXTargetDependency */,
			);
			name = UrfiEyeUITests;
			productName = UrfiEyeUITests;
			productReference = 3A29349A1DA1B190007775B2 /* UrfiEyeUITests.xctest */;
			productType = "com.apple.product-type.bundle.ui-testing";
		};
/* End PBXNativeTarget section */

/* Begin PBXProject section */
		3A29346E1DA1B190007775B2 /* Project object */ = {
			isa = PBXProject;
			attributes = {
				LastUpgradeCheck = 0710;
				ORGANIZATIONNAME = "Faizan Urfi";
				TargetAttributes = {
					3A2934751DA1B190007775B2 = {
						CreatedOnToolsVersion = 7.1.1;
					};
					3A29348E1DA1B190007775B2 = {
						CreatedOnToolsVersion = 7.1.1;
						TestTargetID = 3A2934751DA1B190007775B2;
					};
					3A2934991DA1B190007775B2 = {
						CreatedOnToolsVersion = 7.1.1;
						TestTargetID = 3A2934751DA1B190007775B2;
					};
				};
			};
			buildConfigurationList = 3A2934711DA1B190007775B2 /* Build configuration list for PBXProject "UrfiEye" */;
			compatibilityVersion = "Xcode 3.2";
			developmentRegion = English;
			hasScannedForEncodings = 0;
			knownRegions = (
				en,
				Base,
			);
			mainGroup = 3A29346D1DA1B190007775B2;
			productRefGroup = 3A2934771DA1B190007775B2 /* Products */;
			projectDirPath = "";
			projectRoot = "";
			targets = (
				3A2934751DA1B190007775B2 /* UrfiEye */,
				3A29348E1DA1B190007775B2 /* UrfiEyeTests */,
				3A2934991DA1B190007775B2 /* UrfiEyeUITests */,
			);
		};
/* End PBXProject section */

/* Begin PBXResourcesBuildPhase section */
		3A2934741DA1B190007775B2 /* Resources */ = {
			isa = PBXResourcesBuildPhase;
			buildActionMask = 2147483647;
			files = (
				3A2934C01DA1C4A1007775B2 /* SignUpViewController.xib in Resources */,
				3A2934BA1DA1BFE4007775B2 /* AuthenticateUserViewController.xib in Resources */,
				3A2934891DA1B190007775B2 /* LaunchScreen.storyboard in Resources */,
				3A2934861DA1B190007775B2 /* Assets.xcassets in Resources */,
				3A2934841DA1B190007775B2 /* Main.storyboard in Resources */,
			);
			runOnlyForDeploymentPostprocessing = 0;
		};
		3A29348D1DA1B190007775B2 /* Resources */ = {
			isa = PBXResourcesBuildPhase;
			buildActionMask = 2147483647;
			files = (
			);
			runOnlyForDeploymentPostprocessing = 0;
		};
		3A2934981DA1B190007775B2 /* Resources */ = {
			isa = PBXResourcesBuildPhase;
			buildActionMask = 2147483647;
			files = (
			);
			runOnlyForDeploymentPostprocessing = 0;
		};
/* End PBXResourcesBuildPhase section */

/* Begin PBXSourcesBuildPhase section */
		3A2934721DA1B190007775B2 /* Sources */ = {
			isa = PBXSourcesBuildPhase;
			buildActionMask = 2147483647;
			files = (
				3A2934B61DA1B98A007775B2 /* AuthenticateUserViewController.m in Sources */,
				3A2934BF1DA1C4A1007775B2 /* SignUpViewController.m in Sources */,
				3A2934811DA1B190007775B2 /* ViewController.m in Sources */,
				3A29347E1DA1B190007775B2 /* AppDelegate.m in Sources */,
				3A29347B1DA1B190007775B2 /* main.m in Sources */,
			);
			runOnlyForDeploymentPostprocessing = 0;
		};
		3A29348B1DA1B190007775B2 /* Sources */ = {
			isa = PBXSourcesBuildPhase;
			buildActionMask = 2147483647;
			files = (
				3A2934941DA1B190007775B2 /* UrfiEyeTests.m in Sources */,
			);
			runOnlyForDeploymentPostprocessing = 0;
		};
		3A2934961DA1B190007775B2 /* Sources */ = {
			isa = PBXSourcesBuildPhase;
			buildActionMask = 2147483647;
			files = (
				3A29349F1DA1B190007775B2 /* UrfiEyeUITests.m in Sources */,
			);
			runOnlyForDeploymentPostprocessing = 0;
		};
/* End PBXSourcesBuildPhase section */

/* Begin PBXTargetDependency section */
		3A2934911DA1B190007775B2 /* PBXTargetDependency */ = {
			isa = PBXTargetDependency;
			target = 3A2934751DA1B190007775B2 /* UrfiEye */;
			targetProxy = 3A2934901DA1B190007775B2 /* PBXContainerItemProxy */;
		};
		3A29349C1DA1B190007775B2 /* PBXTargetDependency */ = {
			isa = PBXTargetDependency;
			target = 3A2934751DA1B190007775B2 /* UrfiEye */;
			targetProxy = 3A29349B1DA1B190007775B2 /* PBXContainerItemProxy */;
		};
/* End PBXTargetDependency section */

/* Begin PBXVariantGroup section */
		3A2934821DA1B190007775B2 /* Main.storyboard */ = {
			isa = PBXVariantGroup;
			children = (
				3A2934831DA1B190007775B2 /* Base */,
			);
			name = Main.storyboard;
			sourceTree = "<group>";
		};
		3A2934871DA1B190007775B2 /* LaunchScreen.storyboard */ = {
			isa = PBXVariantGroup;
			children = (
				3A2934881DA1B190007775B2 /* Base */,
			);
			name = LaunchScreen.storyboard;
			sourceTree = "<group>";
		};
/* End PBXVariantGroup section */

/* Begin XCBuildConfiguration section */
		3A2934A11DA1B190007775B2 /* Debug */ = {
			isa = XCBuildConfiguration;
			buildSettings = {
				ALWAYS_SEARCH_USER_PATHS = NO;
				CLANG_CXX_LANGUAGE_STANDARD = "gnu++0x";
				CLANG_CXX_LIBRARY = "libc++";
				CLANG_ENABLE_MODULES = YES;
				CLANG_ENABLE_OBJC_ARC = YES;
				CLANG_WARN_BOOL_CONVERSION = YES;
				CLANG_WARN_CONSTANT_CONVERSION = YES;
				CLANG_WARN_DIRECT_OBJC_ISA_USAGE = YES_ERROR;
				CLANG_WARN_EMPTY_BODY = YES;
				CLANG_WARN_ENUM_CONVERSION = YES;
				CLANG_WARN_INT_CONVERSION = YES;
				CLANG_WARN_OBJC_ROOT_CLASS = YES_ERROR;
				CLANG_WARN_UNREACHABLE_CODE = YES;
				CLANG_WARN__DUPLICATE_METHOD_MATCH = YES;
				"CODE_SIGN_IDENTITY[sdk=iphoneos*]" = "iPhone Developer";
				COPY_PHASE_STRIP = NO;
				DEBUG_INFORMATION_FORMAT = dwarf;
				ENABLE_STRICT_OBJC_MSGSEND = YES;
				ENABLE_TESTABILITY = YES;
				GCC_C_LANGUAGE_STANDARD = gnu99;
				GCC_DYNAMIC_NO_PIC = NO;
				GCC_NO_COMMON_BLOCKS = YES;
				GCC_OPTIMIZATION_LEVEL = 0;
				GCC_PREPROCESSOR_DEFINITIONS = (
					"DEBUG=1",
					"$(inherited)",
				);
				GCC_WARN_64_TO_32_BIT_CONVERSION = YES;
				GCC_WARN_ABOUT_RETURN_TYPE = YES_ERROR;
				GCC_WARN_UNDECLARED_SELECTOR = YES;
				GCC_WARN_UNINITIALIZED_AUTOS = YES_AGGRESSIVE;
				GCC_WARN_UNUSED_FUNCTION = YES;
				GCC_WARN_UNUSED_VARIABLE = YES;
				IPHONEOS_DEPLOYMENT_TARGET = 9.1;
				MTL_ENABLE_DEBUG_INFO = YES;
				ONLY_ACTIVE_ARCH = YES;
				SDKROOT = iphoneos;
				TARGETED_DEVICE_FAMILY = "1,2";
			};
			name = Debug;
		};
		3A2934A21DA1B190007775B2 /* Release */ = {
			isa = XCBuildConfiguration;
			buildSettings = {
				ALWAYS_SEARCH_USER_PATHS = NO;
				CLANG_CXX_LANGUAGE_STANDARD = "gnu++0x";
				CLANG_CXX_LIBRARY = "libc++";
				CLANG_ENABLE_MODULES = YES;
				CLANG_ENABLE_OBJC_ARC = YES;
				CLANG_WARN_BOOL_CONVERSION = YES;
				CLANG_WARN_CONSTANT_CONVERSION = YES;
				CLANG_WARN_DIRECT_OBJC_ISA_USAGE = YES_ERROR;
				CLANG_WARN_EMPTY_BODY = YES;
				CLANG_WARN_ENUM_CONVERSION = YES;
				CLANG_WARN_INT_CONVERSION = YES;
				CLANG_WARN_OBJC_ROOT_CLASS = YES_ERROR;
				CLANG_WARN_UNREACHABLE_CODE = YES;
				CLANG_WARN__DUPLICATE_METHOD_MATCH = YES;
				"CODE_SIGN_IDENTITY[sdk=iphoneos*]" = "iPhone Developer";
				COPY_PHASE_STRIP = NO;
				DEBUG_INFORMATION_FORMAT = "dwarf-with-dsym";
				ENABLE_NS_ASSERTIONS = NO;
				ENABLE_STRICT_OBJC_MSGSEND = YES;
				GCC_C_LANGUAGE_STANDARD = gnu99;
				GCC_NO_COMMON_BLOCKS = YES;
				GCC_WARN_64_TO_32_BIT_CONVERSION = YES;
				GCC_WARN_ABOUT_RETURN_TYPE = YES_ERROR;
				GCC_WARN_UNDECLARED_SELECTOR = YES;
				GCC_WARN_UNINITIALIZED_AUTOS = YES_AGGRESSIVE;
				GCC_WARN_UNUSED_FUNCTION = YES;
				GCC_WARN_UNUSED_VARIABLE = YES;
				IPHONEOS_DEPLOYMENT_TARGET = 9.1;
				MTL_ENABLE_DEBUG_INFO = NO;
				SDKROOT = iphoneos;
				TARGETED_DEVICE_FAMILY = "1,2";
				VALIDATE_PRODUCT = YES;
			};
			name = Release;
		};
		3A2934A41DA1B190007775B2 /* Debug */ = {
			isa = XCBuildConfiguration;
			buildSettings = {
				ASSETCATALOG_COMPILER_APPICON_NAME = AppIcon;
				INFOPLIST_FILE = UrfiEye/Info.plist;
				LD_RUNPATH_SEARCH_PATHS = "$(inherited) @executable_path/Frameworks";
				PRODUCT_BUNDLE_IDENTIFIER = urfi.UrfiEye;
				PRODUCT_NAME = "$(TARGET_NAME)";
			};
			name = Debug;
		};
		3A2934A51DA1B190007775B2 /* Release */ = {
			isa = XCBuildConfiguration;
			buildSettings = {
				ASSETCATALOG_COMPILER_APPICON_NAME = AppIcon;
				INFOPLIST_FILE = UrfiEye/Info.plist;
				LD_RUNPATH_SEARCH_PATHS = "$(inherited) @executable_path/Frameworks";
				PRODUCT_BUNDLE_IDENTIFIER = urfi.UrfiEye;
				PRODUCT_NAME = "$(TARGET_NAME)";
			};
			name = Release;
		};
		3A2934A71DA1B190007775B2 /* Debug */ = {
			isa = XCBuildConfiguration;
			buildSettings = {
				BUNDLE_LOADER = "$(TEST_HOST)";
				INFOPLIST_FILE = UrfiEyeTests/Info.plist;
				LD_RUNPATH_SEARCH_PATHS = "$(inherited) @executable_path/Frameworks @loader_path/Frameworks";
				PRODUCT_BUNDLE_IDENTIFIER = urfi.UrfiEyeTests;
				PRODUCT_NAME = "$(TARGET_NAME)";
				TEST_HOST = "$(BUILT_PRODUCTS_DIR)/UrfiEye.app/UrfiEye";
			};
			name = Debug;
		};
		3A2934A81DA1B190007775B2 /* Release */ = {
			isa = XCBuildConfiguration;
			buildSettings = {
				BUNDLE_LOADER = "$(TEST_HOST)";
				INFOPLIST_FILE = UrfiEyeTests/Info.plist;
				LD_RUNPATH_SEARCH_PATHS = "$(inherited) @executable_path/Frameworks @loader_path/Frameworks";
				PRODUCT_BUNDLE_IDENTIFIER = urfi.UrfiEyeTests;
				PRODUCT_NAME = "$(TARGET_NAME)";
				TEST_HOST = "$(BUILT_PRODUCTS_DIR)/UrfiEye.app/UrfiEye";
			};
			name = Release;
		};
		3A2934AA1DA1B190007775B2 /* Debug */ = {
			isa = XCBuildConfiguration;
			buildSettings = {
				INFOPLIST_FILE = UrfiEyeUITests/Info.plist;
				LD_RUNPATH_SEARCH_PATHS = "$(inherited) @executable_path/Frameworks @loader_path/Frameworks";
				PRODUCT_BUNDLE_IDENTIFIER = urfi.UrfiEyeUITests;
				PRODUCT_NAME = "$(TARGET_NAME)";
				TEST_TARGET_NAME = UrfiEye;
				USES_XCTRUNNER = YES;
			};
			name = Debug;
		};
		3A2934AB1DA1B190007775B2 /* Release */ = {
			isa = XCBuildConfiguration;
			buildSettings = {
				INFOPLIST_FILE = UrfiEyeUITests/Info.plist;
				LD_RUNPATH_SEARCH_PATHS = "$(inherited) @executable_path/Frameworks @loader_path/Frameworks";
				PRODUCT_BUNDLE_IDENTIFIER = urfi.UrfiEyeUITests;
				PRODUCT_NAME = "$(TARGET_NAME)";
				TEST_TARGET_NAME = UrfiEye;
				USES_XCTRUNNER = YES;
			};
			name = Release;
		};
/* End XCBuildConfiguration section */

/* Begin XCConfigurationList section */
		3A2934711DA1B190007775B2 /* Build configuration list for PBXProject "UrfiEye" */ = {
			isa = XCConfigurationList;
			buildConfigurations = (
				3A2934A11DA1B190007775B2 /* Debug */,
				3A2934A21DA1B190007775B2 /* Release */,
			);
			defaultConfigurationIsVisible = 0;
			defaultConfigurationName = Release;
		};
		3A2934A31DA1B190007775B2 /* Build configuration list for PBXNativeTarget "UrfiEye" */ = {
			isa = XCConfigurationList;
			buildConfigurations = (
				3A2934A41DA1B190007775B2 /* Debug */,
				3A2934A51DA1B190007775B2 /* Release */,
			);
			defaultConfigurationIsVisible = 0;
		};
		3A2934A61DA1B190007775B2 /* Build configuration list for PBXNativeTarget "UrfiEyeTests" */ = {
			isa = XCConfigurationList;
			buildConfigurations = (
				3A2934A71DA1B190007775B2 /* Debug */,
				3A2934A81DA1B190007775B2 /* Release */,
			);
			defaultConfigurationIsVisible = 0;
		};
		3A2934A91DA1B190007775B2 /* Build configuration list for PBXNativeTarget "UrfiEyeUITests" */ = {
			isa = XCConfigurationList;
			buildConfigurations = (
				3A2934AA1DA1B190007775B2 /* Debug */,
				3A2934AB1DA1B190007775B2 /* Release */,
			);
			defaultConfigurationIsVisible = 0;
		};
/* End XCConfigurationList section */
	};
	rootObject = 3A29346E1DA1B190007775B2 /* Project object */;
}
